
Microsoft Visual Studio Solution File, Format Version 12.00
# Visual Studio 15
VisualStudioVersion = 15.0.28307.168
MinimumVisualStudioVersion = 10.0.40219.1
Project("{FAE04EC0-301F-11D3-BF4B-00C04F79EFBC}") = "AzurePipelineProject.Android", "AzurePipelineProject\AzurePipelineProject.Android\AzurePipelineProject.Android.csproj", "{22CF15DE-E12B-489B-934D-3915A4DDE79C}"
EndProject
Project("{FAE04EC0-301F-11D3-BF4B-00C04F79EFBC}") = "AzurePipelineProject.iOS", "AzurePipelineProject\AzurePipelineProject.iOS\AzurePipelineProject.iOS.csproj", "{66222059-2841-4906-B6C4-C9022F35E7E5}"
EndProject
Project("{FAE04EC0-301F-11D3-BF4B-00C04F79EFBC}") = "AzurePipelineProject", "AzurePipelineProject\AzurePipelineProject\AzurePipelineProject.csproj", "{40FEA250-2999-4C0B-A05D-99895F5785EA}"
EndProject
Global
	GlobalSection(SolutionConfigurationPlatforms) = preSolution
		Ad-Hoc|Any CPU = Ad-Hoc|Any CPU
		Ad-Hoc|iPhone = Ad-Hoc|iPhone
		Ad-Hoc|iPhoneSimulator = Ad-Hoc|iPhoneSimulator
		AppStore|Any CPU = AppStore|Any CPU
		AppStore|iPhone = AppStore|iPhone
		AppStore|iPhoneSimulator = AppStore|iPhoneSimulator
		Debug|Any CPU = Debug|Any CPU
		Debug|iPhone = Debug|iPhone
		Debug|iPhoneSimulator = Debug|iPhoneSimulator
		Release|Any CPU = Release|Any CPU
		Release|iPhone = Release|iPhone
		Release|iPhoneSimulator = Release|iPhoneSimulator
	EndGlobalSection
	GlobalSection(ProjectConfigurationPlatforms) = postSolution
		{22CF15DE-E12B-489B-934D-3915A4DDE79C}.Ad-Hoc|Any CPU.ActiveCfg = Release|Any CPU
		{22CF15DE-E12B-489B-934D-3915A4DDE79C}.Ad-Hoc|Any CPU.Build.0 = Release|Any CPU
		{22CF15DE-E12B-489B-934D-3915A4DDE79C}.Ad-Hoc|Any CPU.Deploy.0 = Release|Any CPU
		{22CF15DE-E12B-489B-934D-3915A4DDE79C}.Ad-Hoc|iPhone.ActiveCfg = Release|Any CPU
		{22CF15DE-E12B-489B-934D-3915A4DDE79C}.Ad-Hoc|iPhone.Build.0 = Release|Any CPU
		{22CF15DE-E12B-489B-934D-3915A4DDE79C}.Ad-Hoc|iPhone.Deploy.0 = Release|Any CPU
		{22CF15DE-E12B-489B-934D-3915A4DDE79C}.Ad-Hoc|iPhoneSimulator.ActiveCfg = Release|Any CPU
		{22CF15DE-E12B-489B-934D-3915A4DDE79C}.Ad-Hoc|iPhoneSimulator.Build.0 = Release|Any CPU
		{22CF15DE-E12B-489B-934D-3915A4DDE79C}.Ad-Hoc|iPhoneSimulator.Deploy.0 = Release|Any CPU
		{22CF15DE-E12B-489B-934D-3915A4DDE79C}.AppStore|Any CPU.ActiveCfg = Release|Any CPU
		{22CF15DE-E12B-489B-934D-3915A4DDE79C}.AppStore|Any CPU.Build.0 = Release|Any CPU
		{22CF15DE-E12B-489B-934D-3915A4DDE79C}.AppStore|Any CPU.Deploy.0 = Release|Any CPU
		{22CF15DE-E12B-489B-934D-3915A4DDE79C}.AppStore|iPhone.ActiveCfg = Release|Any CPU
		{22CF15DE-E12B-489B-934D-3915A4DDE79C}.AppStore|iPhone.Build.0 = Release|Any CPU
		{22CF15DE-E12B-489B-934D-3915A4DDE79C}.AppStore|iPhone.Deploy.0 = Release|Any CPU
		{22CF15DE-E12B-489B-934D-3915A4DDE79C}.AppStore|iPhoneSimulator.ActiveCfg = Release|Any CPU
		{22CF15DE-E12B-489B-934D-3915A4DDE79C}.AppStore|iPhoneSimulator.Build.0 = Release|Any CPU
		{22CF15DE-E12B-489B-934D-3915A4DDE79C}.AppStore|iPhoneSimulator.Deploy.0 = Release|Any CPU
		{22CF15DE-E12B-489B-934D-3915A4DDE79C}.Debug|Any CPU.ActiveCfg = Debug|Any CPU
		{22CF15DE-E12B-489B-934D-3915A4DDE79C}.Debug|Any CPU.Build.0 = Debug|Any CPU
		{22CF15DE-E12B-489B-934D-3915A4DDE79C}.Debug|Any CPU.Deploy.0 = Debug|Any CPU
		{22CF15DE-E12B-489B-934D-3915A4DDE79C}.Debug|iPhone.ActiveCfg = Debug|Any CPU
		{22CF15DE-E12B-489B-934D-3915A4DDE79C}.Debug|iPhone.Build.0 = Debug|Any CPU
		{22CF15DE-E12B-489B-934D-3915A4DDE79C}.Debug|iPhone.Deploy.0 = Debug|Any CPU
		{22CF15DE-E12B-489B-934D-3915A4DDE79C}.Debug|iPhoneSimulator.ActiveCfg = Debug|Any CPU
		{22CF15DE-E12B-489B-934D-3915A4DDE79C}.Debug|iPhoneSimulator.Build.0 = Debug|Any CPU
		{22CF15DE-E12B-489B-934D-3915A4DDE79C}.Debug|iPhoneSimulator.Deploy.0 = Debug|Any CPU
		{22CF15DE-E12B-489B-934D-3915A4DDE79C}.Release|Any CPU.ActiveCfg = Release|Any CPU
		{22CF15DE-E12B-489B-934D-3915A4DDE79C}.Release|Any CPU.Build.0 = Release|Any CPU
		{22CF15DE-E12B-489B-934D-3915A4DDE79C}.Release|Any CPU.Deploy.0 = Release|Any CPU
		{22CF15DE-E12B-489B-934D-3915A4DDE79C}.Release|iPhone.ActiveCfg = Release|Any CPU
		{22CF15DE-E12B-489B-934D-3915A4DDE79C}.Release|iPhone.Build.0 = Release|Any CPU
		{22CF15DE-E12B-489B-934D-3915A4DDE79C}.Release|iPhone.Deploy.0 = Release|Any CPU
		{22CF15DE-E12B-489B-934D-3915A4DDE79C}.Release|iPhoneSimulator.ActiveCfg = Release|Any CPU
		{22CF15DE-E12B-489B-934D-3915A4DDE79C}.Release|iPhoneSimulator.Build.0 = Release|Any CPU
		{22CF15DE-E12B-489B-934D-3915A4DDE79C}.Release|iPhoneSimulator.Deploy.0 = Release|Any CPU
		{66222059-2841-4906-B6C4-C9022F35E7E5}.Ad-Hoc|Any CPU.ActiveCfg = Ad-Hoc|iPhone
		{66222059-2841-4906-B6C4-C9022F35E7E5}.Ad-Hoc|Any CPU.Build.0 = Ad-Hoc|iPhone
		{66222059-2841-4906-B6C4-C9022F35E7E5}.Ad-Hoc|Any CPU.Deploy.0 = Ad-Hoc|iPhone
		{66222059-2841-4906-B6C4-C9022F35E7E5}.Ad-Hoc|iPhone.ActiveCfg = Ad-Hoc|iPhone
		{66222059-2841-4906-B6C4-C9022F35E7E5}.Ad-Hoc|iPhone.Build.0 = Ad-Hoc|iPhone
		{66222059-2841-4906-B6C4-C9022F35E7E5}.Ad-Hoc|iPhone.Deploy.0 = Ad-Hoc|iPhone
		{66222059-2841-4906-B6C4-C9022F35E7E5}.Ad-Hoc|iPhoneSimulator.ActiveCfg = Ad-Hoc|iPhoneSimulator
		{66222059-2841-4906-B6C4-C9022F35E7E5}.Ad-Hoc|iPhoneSimulator.Build.0 = Ad-Hoc|iPhoneSimulator
		{66222059-2841-4906-B6C4-C9022F35E7E5}.Ad-Hoc|iPhoneSimulator.Deploy.0 = Ad-Hoc|iPhoneSimulator
		{66222059-2841-4906-B6C4-C9022F35E7E5}.AppStore|Any CPU.ActiveCfg = AppStore|iPhone
		{66222059-2841-4906-B6C4-C9022F35E7E5}.AppStore|Any CPU.Build.0 = AppStore|iPhone
		{66222059-2841-4906-B6C4-C9022F35E7E5}.AppStore|Any CPU.Deploy.0 = AppStore|iPhone
		{66222059-2841-4906-B6C4-C9022F35E7E5}.AppStore|iPhone.ActiveCfg = AppStore|iPhone
		{66222059-2841-4906-B6C4-C9022F35E7E5}.AppStore|iPhone.Build.0 = AppStore|iPhone
		{66222059-2841-4906-B6C4-C9022F35E7E5}.AppStore|iPhone.Deploy.0 = AppStore|iPhone
		{66222059-2841-4906-B6C4-C9022F35E7E5}.AppStore|iPhoneSimulator.ActiveCfg = AppStore|iPhoneSimulator
		{66222059-2841-4906-B6C4-C9022F35E7E5}.AppStore|iPhoneSimulator.Build.0 = AppStore|iPhoneSimulator
		{66222059-2841-4906-B6C4-C9022F35E7E5}.AppStore|iPhoneSimulator.Deploy.0 = AppStore|iPhoneSimulator
		{66222059-2841-4906-B6C4-C9022F35E7E5}.Debug|Any CPU.ActiveCfg = Debug|iPhoneSimulator
		{66222059-2841-4906-B6C4-C9022F35E7E5}.Debug|Any CPU.Build.0 = Debug|iPhoneSimulator
		{66222059-2841-4906-B6C4-C9022F35E7E5}.Debug|Any CPU.Deploy.0 = Debug|iPhoneSimulator
		{66222059-2841-4906-B6C4-C9022F35E7E5}.Debug|iPhone.ActiveCfg = Debug|iPhone
		{66222059-2841-4906-B6C4-C9022F35E7E5}.Debug|iPhone.Build.0 = Debug|iPhone
		{66222059-2841-4906-B6C4-C9022F35E7E5}.Debug|iPhone.Deploy.0 = Debug|iPhone
		{66222059-2841-4906-B6C4-C9022F35E7E5}.Debug|iPhoneSimulator.ActiveCfg = Debug|iPhoneSimulator
		{66222059-2841-4906-B6C4-C9022F35E7E5}.Debug|iPhoneSimulator.Build.0 = Debug|iPhoneSimulator
		{66222059-2841-4906-B6C4-C9022F35E7E5}.Debug|iPhoneSimulator.Deploy.0 = Debug|iPhoneSimulator
		{66222059-2841-4906-B6C4-C9022F35E7E5}.Release|Any CPU.ActiveCfg = Release|iPhone
		{66222059-2841-4906-B6C4-C9022F35E7E5}.Release|Any CPU.Build.0 = Release|iPhone
		{66222059-2841-4906-B6C4-C9022F35E7E5}.Release|Any CPU.Deploy.0 = Release|iPhone
		{66222059-2841-4906-B6C4-C9022F35E7E5}.Release|iPhone.ActiveCfg = Release|iPhone
		{66222059-2841-4906-B6C4-C9022F35E7E5}.Release|iPhone.Build.0 = Release|iPhone
		{66222059-2841-4906-B6C4-C9022F35E7E5}.Release|iPhone.Deploy.0 = Release|iPhone
		{66222059-2841-4906-B6C4-C9022F35E7E5}.Release|iPhoneSimulator.ActiveCfg = Release|iPhoneSimulator
		{66222059-2841-4906-B6C4-C9022F35E7E5}.Release|iPhoneSimulator.Build.0 = Release|iPhoneSimulator
		{66222059-2841-4906-B6C4-C9022F35E7E5}.Release|iPhoneSimulator.Deploy.0 = Release|iPhoneSimulator
		{40FEA250-2999-4C0B-A05D-99895F5785EA}.Ad-Hoc|Any CPU.ActiveCfg = Debug|Any CPU
		{40FEA250-2999-4C0B-A05D-99895F5785EA}.Ad-Hoc|Any CPU.Build.0 = Debug|Any CPU
		{40FEA250-2999-4C0B-A05D-99895F5785EA}.Ad-Hoc|Any CPU.Deploy.0 = Debug|Any CPU
		{40FEA250-2999-4C0B-A05D-99895F5785EA}.Ad-Hoc|iPhone.ActiveCfg = Debug|Any CPU
		{40FEA250-2999-4C0B-A05D-99895F5785EA}.Ad-Hoc|iPhone.Build.0 = Debug|Any CPU
		{40FEA250-2999-4C0B-A05D-99895F5785EA}.Ad-Hoc|iPhone.Deploy.0 = Debug|Any CPU
		{40FEA250-2999-4C0B-A05D-99895F5785EA}.Ad-Hoc|iPhoneSimulator.ActiveCfg = Debug|Any CPU
		{40FEA250-2999-4C0B-A05D-99895F5785EA}.Ad-Hoc|iPhoneSimulator.Build.0 = Debug|Any CPU
		{40FEA250-2999-4C0B-A05D-99895F5785EA}.Ad-Hoc|iPhoneSimulator.Deploy.0 = Debug|Any CPU
		{40FEA250-2999-4C0B-A05D-99895F5785EA}.AppStore|Any CPU.ActiveCfg = Debug|Any CPU
		{40FEA250-2999-4C0B-A05D-99895F5785EA}.AppStore|Any CPU.Build.0 = Debug|Any CPU
		{40FEA250-2999-4C0B-A05D-99895F5785EA}.AppStore|Any CPU.Deploy.0 = Debug|Any CPU
		{40FEA250-2999-4C0B-A05D-99895F5785EA}.AppStore|iPhone.ActiveCfg = Debug|Any CPU
		{40FEA250-2999-4C0B-A05D-99895F5785EA}.AppStore|iPhone.Build.0 = Debug|Any CPU
		{40FEA250-2999-4C0B-A05D-99895F5785EA}.AppStore|iPhone.Deploy.0 = Debug|Any CPU
		{40FEA250-2999-4C0B-A05D-99895F5785EA}.AppStore|iPhoneSimulator.ActiveCfg = Debug|Any CPU
		{40FEA250-2999-4C0B-A05D-99895F5785EA}.AppStore|iPhoneSimulator.Build.0 = Debug|Any CPU
		{40FEA250-2999-4C0B-A05D-99895F5785EA}.AppStore|iPhoneSimulator.Deploy.0 = Debug|Any CPU
		{40FEA250-2999-4C0B-A05D-99895F5785EA}.Debug|Any CPU.ActiveCfg = Debug|Any CPU
		{40FEA250-2999-4C0B-A05D-99895F5785EA}.Debug|Any CPU.Build.0 = Debug|Any CPU
		{40FEA250-2999-4C0B-A05D-99895F5785EA}.Debug|Any CPU.Deploy.0 = Debug|Any CPU
		{40FEA250-2999-4C0B-A05D-99895F5785EA}.Debug|iPhone.ActiveCfg = Debug|Any CPU
		{40FEA250-2999-4C0B-A05D-99895F5785EA}.Debug|iPhone.Build.0 = Debug|Any CPU
		{40FEA250-2999-4C0B-A05D-99895F5785EA}.Debug|iPhone.Deploy.0 = Debug|Any CPU
		{40FEA250-2999-4C0B-A05D-99895F5785EA}.Debug|iPhoneSimulator.ActiveCfg = Debug|Any CPU
		{40FEA250-2999-4C0B-A05D-99895F5785EA}.Debug|iPhoneSimulator.Build.0 = Debug|Any CPU
		{40FEA250-2999-4C0B-A05D-99895F5785EA}.Debug|iPhoneSimulator.Deploy.0 = Debug|Any CPU
		{40FEA250-2999-4C0B-A05D-99895F5785EA}.Release|Any CPU.ActiveCfg = Release|Any CPU
		{40FEA250-2999-4C0B-A05D-99895F5785EA}.Release|Any CPU.Build.0 = Release|Any CPU
		{40FEA250-2999-4C0B-A05D-99895F5785EA}.Release|Any CPU.Deploy.0 = Release|Any CPU
		{40FEA250-2999-4C0B-A05D-99895F5785EA}.Release|iPhone.ActiveCfg = Release|Any CPU
		{40FEA250-2999-4C0B-A05D-99895F5785EA}.Release|iPhone.Build.0 = Release|Any CPU
		{40FEA250-2999-4C0B-A05D-99895F5785EA}.Release|iPhone.Deploy.0 = Release|Any CPU
		{40FEA250-2999-4C0B-A05D-99895F5785EA}.Release|iPhoneSimulator.ActiveCfg = Release|Any CPU
		{40FEA250-2999-4C0B-A05D-99895F5785EA}.Release|iPhoneSimulator.Build.0 = Release|Any CPU
		{40FEA250-2999-4C0B-A05D-99895F5785EA}.Release|iPhoneSimulator.Deploy.0 = Release|Any CPU
	EndGlobalSection
	GlobalSection(SolutionProperties) = preSolution
		HideSolutionNode = FALSE
	EndGlobalSection
	GlobalSection(ExtensibilityGlobals) = postSolution
		SolutionGuid = {A1BC8904-DBC5-4460-AF6F-028514521561}
	EndGlobalSection
EndGlobal
